# generated by rye
# use `rye lock` or `rye sync` to update this lockfile
#
# last locked with the following flags:
#   pre: false
#   features: []
#   all-features: false
#   with-sources: false
#   generate-hashes: false

-e file:.
cfgv==3.4.0
    # via pre-commit
colorama==0.4.6
    # via pytest
coverage==7.5.4
    # via pytest-cov
distlib==0.3.8
    # via virtualenv
filelock==3.15.4
    # via virtualenv
hatchling==1.25.0
identify==2.5.36
    # via pre-commit
iniconfig==2.0.0
    # via pytest
nodeenv==1.9.1
    # via pre-commit
    # via pyright
packaging==24.1
    # via hatchling
    # via pytest
    # via pytest-sugar
pathspec==0.12.1
    # via hatchling
platformdirs==4.2.2
    # via virtualenv
pluggy==1.5.0
    # via hatchling
    # via pytest
pre-commit==3.7.1
pyright==1.1.369
pytest==8.2.2
    # via pytest-cov
    # via pytest-sugar
pytest-cov==5.0.0
pytest-sugar==1.0.0
pyyaml==6.0.1
    # via pre-commit
ruff==0.5.0
termcolor==2.4.0
    # via pytest-sugar
trove-classifiers==2024.5.22
    # via hatchling
uv==0.2.17
virtualenv==20.26.3
    # via pre-commit
